github.com/nekruz08/bank v0.0.0-20231023124129-67e940ea0090 h1:8LVQsjmSUylBi7X+4F7xyHlAB5ZewV+XHsOTLJ71d0Q=
github.com/nekruz08/bank v0.0.0-20231023124129-67e940ea0090/go.mod h1:V6UXcP2xmJRTkKQ897zRQLScXse+PKdSdq1LKm5IVDU=
github.com/nekruz08/bank v0.0.0-20231023130440-5cd5c2a1ffeb h1:443KageKjvt2/dL2jH5JvcbPvqXxZF1IoYBddZfDNiY=
github.com/nekruz08/bank v0.0.0-20231023130440-5cd5c2a1ffeb/go.mod h1:V6UXcP2xmJRTkKQ897zRQLScXse+PKdSdq1LKm5IVDU=
